// !$*UTF8*$!
{
	archiveVersion = 1;
	classes = {
	};
	objectVersion = 56;
	objects = {

/* Begin PBXBuildFile section */
		9410B95F2BF75706004AFD59 /* CoffeeShopCell.swift in Sources */ = {isa = PBXBuildFile; fileRef = 9410B95E2BF75706004AFD59 /* CoffeeShopCell.swift */; };
		9410B9612BF784CF004AFD59 /* LoadingCell.swift in Sources */ = {isa = PBXBuildFile; fileRef = 9410B9602BF784CF004AFD59 /* LoadingCell.swift */; };
		94E000012BF5720C0037E953 /* CoffeeShopFinderUITestsLaunchTests.swift in Sources */ = {isa = PBXBuildFile; fileRef = 94E000002BF5720C0037E953 /* CoffeeShopFinderUITestsLaunchTests.swift */; };
		94E000112BF5A7EF0037E953 /* NetworkManager.swift in Sources */ = {isa = PBXBuildFile; fileRef = 94E000102BF5A7EF0037E953 /* NetworkManager.swift */; };
		94E000132BF5AD010037E953 /* YelpAPI.swift in Sources */ = {isa = PBXBuildFile; fileRef = 94E000122BF5AD010037E953 /* YelpAPI.swift */; };
		94E000162BF5B03F0037E953 /* SearchModel.swift in Sources */ = {isa = PBXBuildFile; fileRef = 94E000152BF5B03F0037E953 /* SearchModel.swift */; };
		94E000192BF5B47F0037E953 /* YelpService.swift in Sources */ = {isa = PBXBuildFile; fileRef = 94E000182BF5B47F0037E953 /* YelpService.swift */; };
		94E0001B2BF5B5AB0037E953 /* BusinessModel.swift in Sources */ = {isa = PBXBuildFile; fileRef = 94E0001A2BF5B5AB0037E953 /* BusinessModel.swift */; };
		94E0001D2BF5B6910037E953 /* LocationModel.swift in Sources */ = {isa = PBXBuildFile; fileRef = 94E0001C2BF5B6910037E953 /* LocationModel.swift */; };
		94E0001F2BF5D1F40037E953 /* BusinessListModel.swift in Sources */ = {isa = PBXBuildFile; fileRef = 94E0001E2BF5D1F40037E953 /* BusinessListModel.swift */; };
		94E000222BF5DC3F0037E953 /* CoffeeShopVC.swift in Sources */ = {isa = PBXBuildFile; fileRef = 94E000212BF5DC3F0037E953 /* CoffeeShopVC.swift */; };
		94E000242BF5DD6C0037E953 /* CoffeeShopVM.swift in Sources */ = {isa = PBXBuildFile; fileRef = 94E000232BF5DD6C0037E953 /* CoffeeShopVM.swift */; };
		94E000272BF5E1240037E953 /* RxSwift in Frameworks */ = {isa = PBXBuildFile; productRef = 94E000262BF5E1240037E953 /* RxSwift */; };
		94E000292BF5E51A0037E953 /* API.swift in Sources */ = {isa = PBXBuildFile; fileRef = 94E000282BF5E51A0037E953 /* API.swift */; };
		94E0002C2BF5E58F0037E953 /* RxCocoa in Frameworks */ = {isa = PBXBuildFile; productRef = 94E0002B2BF5E58F0037E953 /* RxCocoa */; };
		94E0002F2BF5E7590037E953 /* IdentifiableProtocol.swift in Sources */ = {isa = PBXBuildFile; fileRef = 94E0002E2BF5E7590037E953 /* IdentifiableProtocol.swift */; };
		94E0FFDE2BF5720A0037E953 /* AppDelegate.swift in Sources */ = {isa = PBXBuildFile; fileRef = 94E0FFDD2BF5720A0037E953 /* AppDelegate.swift */; };
		94E0FFE02BF5720A0037E953 /* SceneDelegate.swift in Sources */ = {isa = PBXBuildFile; fileRef = 94E0FFDF2BF5720A0037E953 /* SceneDelegate.swift */; };
		94E0FFE72BF5720B0037E953 /* Assets.xcassets in Resources */ = {isa = PBXBuildFile; fileRef = 94E0FFE62BF5720B0037E953 /* Assets.xcassets */; };
		94E0FFEA2BF5720B0037E953 /* Base in Resources */ = {isa = PBXBuildFile; fileRef = 94E0FFE92BF5720B0037E953 /* Base */; };
		94E0FFF52BF5720C0037E953 /* CoffeeShopFinderTests.swift in Sources */ = {isa = PBXBuildFile; fileRef = 94E0FFF42BF5720C0037E953 /* CoffeeShopFinderTests.swift */; };
		94E0FFFF2BF5720C0037E953 /* CoffeeShopFinderUITests.swift in Sources */ = {isa = PBXBuildFile; fileRef = 94E0FFFE2BF5720C0037E953 /* CoffeeShopFinderUITests.swift */; };
/* End PBXBuildFile section */

/* Begin PBXContainerItemProxy section */
		94E0FFF12BF5720C0037E953 /* PBXContainerItemProxy */ = {
			isa = PBXContainerItemProxy;
			containerPortal = 94E0FFD22BF5720A0037E953 /* Project object */;
			proxyType = 1;
			remoteGlobalIDString = 94E0FFD92BF5720A0037E953;
			remoteInfo = CoffeeShopFinder;
		};
		94E0FFFB2BF5720C0037E953 /* PBXContainerItemProxy */ = {
			isa = PBXContainerItemProxy;
			containerPortal = 94E0FFD22BF5720A0037E953 /* Project object */;
			proxyType = 1;
			remoteGlobalIDString = 94E0FFD92BF5720A0037E953;
			remoteInfo = CoffeeShopFinder;
		};
/* End PBXContainerItemProxy section */

/* Begin PBXFileReference section */
		9410B95E2BF75706004AFD59 /* CoffeeShopCell.swift */ = {isa = PBXFileReference; lastKnownFileType = sourcecode.swift; path = CoffeeShopCell.swift; sourceTree = "<group>"; };
		9410B9602BF784CF004AFD59 /* LoadingCell.swift */ = {isa = PBXFileReference; lastKnownFileType = sourcecode.swift; path = LoadingCell.swift; sourceTree = "<group>"; };
		94E000002BF5720C0037E953 /* CoffeeShopFinderUITestsLaunchTests.swift */ = {isa = PBXFileReference; lastKnownFileType = sourcecode.swift; path = CoffeeShopFinderUITestsLaunchTests.swift; sourceTree = "<group>"; };
		94E000102BF5A7EF0037E953 /* NetworkManager.swift */ = {isa = PBXFileReference; lastKnownFileType = sourcecode.swift; path = NetworkManager.swift; sourceTree = "<group>"; };
		94E000122BF5AD010037E953 /* YelpAPI.swift */ = {isa = PBXFileReference; lastKnownFileType = sourcecode.swift; path = YelpAPI.swift; sourceTree = "<group>"; };
		94E000152BF5B03F0037E953 /* SearchModel.swift */ = {isa = PBXFileReference; lastKnownFileType = sourcecode.swift; path = SearchModel.swift; sourceTree = "<group>"; };
		94E000182BF5B47F0037E953 /* YelpService.swift */ = {isa = PBXFileReference; lastKnownFileType = sourcecode.swift; path = YelpService.swift; sourceTree = "<group>"; };
		94E0001A2BF5B5AB0037E953 /* BusinessModel.swift */ = {isa = PBXFileReference; lastKnownFileType = sourcecode.swift; path = BusinessModel.swift; sourceTree = "<group>"; };
		94E0001C2BF5B6910037E953 /* LocationModel.swift */ = {isa = PBXFileReference; lastKnownFileType = sourcecode.swift; path = LocationModel.swift; sourceTree = "<group>"; };
		94E0001E2BF5D1F40037E953 /* BusinessListModel.swift */ = {isa = PBXFileReference; lastKnownFileType = sourcecode.swift; path = BusinessListModel.swift; sourceTree = "<group>"; };
		94E000212BF5DC3F0037E953 /* CoffeeShopVC.swift */ = {isa = PBXFileReference; lastKnownFileType = sourcecode.swift; path = CoffeeShopVC.swift; sourceTree = "<group>"; };
		94E000232BF5DD6C0037E953 /* CoffeeShopVM.swift */ = {isa = PBXFileReference; lastKnownFileType = sourcecode.swift; path = CoffeeShopVM.swift; sourceTree = "<group>"; };
		94E000282BF5E51A0037E953 /* API.swift */ = {isa = PBXFileReference; lastKnownFileType = sourcecode.swift; path = API.swift; sourceTree = "<group>"; };
		94E0002E2BF5E7590037E953 /* IdentifiableProtocol.swift */ = {isa = PBXFileReference; lastKnownFileType = sourcecode.swift; path = IdentifiableProtocol.swift; sourceTree = "<group>"; };
		94E0FFDA2BF5720A0037E953 /* CoffeeShopFinder.app */ = {isa = PBXFileReference; explicitFileType = wrapper.application; includeInIndex = 0; path = CoffeeShopFinder.app; sourceTree = BUILT_PRODUCTS_DIR; };
		94E0FFDD2BF5720A0037E953 /* AppDelegate.swift */ = {isa = PBXFileReference; lastKnownFileType = sourcecode.swift; path = AppDelegate.swift; sourceTree = "<group>"; };
		94E0FFDF2BF5720A0037E953 /* SceneDelegate.swift */ = {isa = PBXFileReference; lastKnownFileType = sourcecode.swift; path = SceneDelegate.swift; sourceTree = "<group>"; };
		94E0FFE62BF5720B0037E953 /* Assets.xcassets */ = {isa = PBXFileReference; lastKnownFileType = folder.assetcatalog; path = Assets.xcassets; sourceTree = "<group>"; };
		94E0FFE92BF5720B0037E953 /* Base */ = {isa = PBXFileReference; lastKnownFileType = file.storyboard; name = Base; path = Base.lproj/LaunchScreen.storyboard; sourceTree = "<group>"; };
		94E0FFEB2BF5720B0037E953 /* Info.plist */ = {isa = PBXFileReference; lastKnownFileType = text.plist.xml; path = Info.plist; sourceTree = "<group>"; };
		94E0FFF02BF5720C0037E953 /* CoffeeShopFinderTests.xctest */ = {isa = PBXFileReference; explicitFileType = wrapper.cfbundle; includeInIndex = 0; path = CoffeeShopFinderTests.xctest; sourceTree = BUILT_PRODUCTS_DIR; };
		94E0FFF42BF5720C0037E953 /* CoffeeShopFinderTests.swift */ = {isa = PBXFileReference; lastKnownFileType = sourcecode.swift; path = CoffeeShopFinderTests.swift; sourceTree = "<group>"; };
		94E0FFFA2BF5720C0037E953 /* CoffeeShopFinderUITests.xctest */ = {isa = PBXFileReference; explicitFileType = wrapper.cfbundle; includeInIndex = 0; path = CoffeeShopFinderUITests.xctest; sourceTree = BUILT_PRODUCTS_DIR; };
		94E0FFFE2BF5720C0037E953 /* CoffeeShopFinderUITests.swift */ = {isa = PBXFileReference; lastKnownFileType = sourcecode.swift; path = CoffeeShopFinderUITests.swift; sourceTree = "<group>"; };
/* End PBXFileReference section */

/* Begin PBXFrameworksBuildPhase section */
		94E0FFD72BF5720A0037E953 /* Frameworks */ = {
			isa = PBXFrameworksBuildPhase;
			buildActionMask = 2147483647;
			files = (
				94E0002C2BF5E58F0037E953 /* RxCocoa in Frameworks */,
				94E000272BF5E1240037E953 /* RxSwift in Frameworks */,
			);
			runOnlyForDeploymentPostprocessing = 0;
		};
		94E0FFED2BF5720C0037E953 /* Frameworks */ = {
			isa = PBXFrameworksBuildPhase;
			buildActionMask = 2147483647;
			files = (
			);
			runOnlyForDeploymentPostprocessing = 0;
		};
		94E0FFF72BF5720C0037E953 /* Frameworks */ = {
			isa = PBXFrameworksBuildPhase;
			buildActionMask = 2147483647;
			files = (
			);
			runOnlyForDeploymentPostprocessing = 0;
		};
/* End PBXFrameworksBuildPhase section */

/* Begin PBXGroup section */
		9410B95C2BF756AB004AFD59 /* Screens */ = {
			isa = PBXGroup;
			children = (
				94E000202BF5DBE90037E953 /* CoffeeShop */,
			);
			path = Screens;
			sourceTree = "<group>";
		};
		94E0000F2BF5A7C00037E953 /* Networking */ = {
			isa = PBXGroup;
			children = (
				94E0002A2BF5E5280037E953 /* APIs */,
				94E000172BF5B45F0037E953 /* Services */,
				94E000102BF5A7EF0037E953 /* NetworkManager.swift */,
				94E000282BF5E51A0037E953 /* API.swift */,
			);
			path = Networking;
			sourceTree = "<group>";
		};
		94E000142BF5B02D0037E953 /* Models */ = {
			isa = PBXGroup;
			children = (
				94E000152BF5B03F0037E953 /* SearchModel.swift */,
				94E0001A2BF5B5AB0037E953 /* BusinessModel.swift */,
				94E0001C2BF5B6910037E953 /* LocationModel.swift */,
				94E0001E2BF5D1F40037E953 /* BusinessListModel.swift */,
			);
			path = Models;
			sourceTree = "<group>";
		};
		94E000172BF5B45F0037E953 /* Services */ = {
			isa = PBXGroup;
			children = (
				94E000182BF5B47F0037E953 /* YelpService.swift */,
			);
			path = Services;
			sourceTree = "<group>";
		};
		94E000202BF5DBE90037E953 /* CoffeeShop */ = {
			isa = PBXGroup;
			children = (
				94E000212BF5DC3F0037E953 /* CoffeeShopVC.swift */,
				94E000232BF5DD6C0037E953 /* CoffeeShopVM.swift */,
				9410B95E2BF75706004AFD59 /* CoffeeShopCell.swift */,
				9410B9602BF784CF004AFD59 /* LoadingCell.swift */,
			);
			path = CoffeeShop;
			sourceTree = "<group>";
		};
		94E0002A2BF5E5280037E953 /* APIs */ = {
			isa = PBXGroup;
			children = (
				94E000122BF5AD010037E953 /* YelpAPI.swift */,
			);
			path = APIs;
			sourceTree = "<group>";
		};
		94E0002D2BF5E74D0037E953 /* Helpers */ = {
			isa = PBXGroup;
			children = (
				94E0002E2BF5E7590037E953 /* IdentifiableProtocol.swift */,
			);
			path = Helpers;
			sourceTree = "<group>";
		};
		94E0FFD12BF5720A0037E953 = {
			isa = PBXGroup;
			children = (
				94E0FFDC2BF5720A0037E953 /* CoffeeShopFinder */,
				94E0FFF32BF5720C0037E953 /* CoffeeShopFinderTests */,
				94E0FFFD2BF5720C0037E953 /* CoffeeShopFinderUITests */,
				94E0FFDB2BF5720A0037E953 /* Products */,
			);
			sourceTree = "<group>";
		};
		94E0FFDB2BF5720A0037E953 /* Products */ = {
			isa = PBXGroup;
			children = (
				94E0FFDA2BF5720A0037E953 /* CoffeeShopFinder.app */,
				94E0FFF02BF5720C0037E953 /* CoffeeShopFinderTests.xctest */,
				94E0FFFA2BF5720C0037E953 /* CoffeeShopFinderUITests.xctest */,
			);
			name = Products;
			sourceTree = "<group>";
		};
		94E0FFDC2BF5720A0037E953 /* CoffeeShopFinder */ = {
			isa = PBXGroup;
			children = (
				9410B95C2BF756AB004AFD59 /* Screens */,
				94E0002D2BF5E74D0037E953 /* Helpers */,
				94E000142BF5B02D0037E953 /* Models */,
				94E0000F2BF5A7C00037E953 /* Networking */,
				94E0FFDD2BF5720A0037E953 /* AppDelegate.swift */,
				94E0FFDF2BF5720A0037E953 /* SceneDelegate.swift */,
				94E0FFE62BF5720B0037E953 /* Assets.xcassets */,
				94E0FFE82BF5720B0037E953 /* LaunchScreen.storyboard */,
				94E0FFEB2BF5720B0037E953 /* Info.plist */,
			);
			path = CoffeeShopFinder;
			sourceTree = "<group>";
		};
		94E0FFF32BF5720C0037E953 /* CoffeeShopFinderTests */ = {
			isa = PBXGroup;
			children = (
				94E0FFF42BF5720C0037E953 /* CoffeeShopFinderTests.swift */,
			);
			path = CoffeeShopFinderTests;
			sourceTree = "<group>";
		};
		94E0FFFD2BF5720C0037E953 /* CoffeeShopFinderUITests */ = {
			isa = PBXGroup;
			children = (
				94E0FFFE2BF5720C0037E953 /* CoffeeShopFinderUITests.swift */,
				94E000002BF5720C0037E953 /* CoffeeShopFinderUITestsLaunchTests.swift */,
			);
			path = CoffeeShopFinderUITests;
			sourceTree = "<group>";
		};
/* End PBXGroup section */

/* Begin PBXNativeTarget section */
		94E0FFD92BF5720A0037E953 /* CoffeeShopFinder */ = {
			isa = PBXNativeTarget;
			buildConfigurationList = 94E000042BF5720C0037E953 /* Build configuration list for PBXNativeTarget "CoffeeShopFinder" */;
			buildPhases = (
				94E0FFD62BF5720A0037E953 /* Sources */,
				94E0FFD72BF5720A0037E953 /* Frameworks */,
				94E0FFD82BF5720A0037E953 /* Resources */,
			);
			buildRules = (
			);
			dependencies = (
			);
			name = CoffeeShopFinder;
			packageProductDependencies = (
				94E000262BF5E1240037E953 /* RxSwift */,
				94E0002B2BF5E58F0037E953 /* RxCocoa */,
			);
			productName = CoffeeShopFinder;
			productReference = 94E0FFDA2BF5720A0037E953 /* CoffeeShopFinder.app */;
			productType = "com.apple.product-type.application";
		};
		94E0FFEF2BF5720C0037E953 /* CoffeeShopFinderTests */ = {
			isa = PBXNativeTarget;
			buildConfigurationList = 94E000072BF5720C0037E953 /* Build configuration list for PBXNativeTarget "CoffeeShopFinderTests" */;
			buildPhases = (
				94E0FFEC2BF5720C0037E953 /* Sources */,
				94E0FFED2BF5720C0037E953 /* Frameworks */,
				94E0FFEE2BF5720C0037E953 /* Resources */,
			);
			buildRules = (
			);
			dependencies = (
				94E0FFF22BF5720C0037E953 /* PBXTargetDependency */,
			);
			name = CoffeeShopFinderTests;
			productName = CoffeeShopFinderTests;
			productReference = 94E0FFF02BF5720C0037E953 /* CoffeeShopFinderTests.xctest */;
			productType = "com.apple.product-type.bundle.unit-test";
		};
		94E0FFF92BF5720C0037E953 /* CoffeeShopFinderUITests */ = {
			isa = PBXNativeTarget;
			buildConfigurationList = 94E0000A2BF5720C0037E953 /* Build configuration list for PBXNativeTarget "CoffeeShopFinderUITests" */;
			buildPhases = (
				94E0FFF62BF5720C0037E953 /* Sources */,
				94E0FFF72BF5720C0037E953 /* Frameworks */,
				94E0FFF82BF5720C0037E953 /* Resources */,
			);
			buildRules = (
			);
			dependencies = (
				94E0FFFC2BF5720C0037E953 /* PBXTargetDependency */,
			);
			name = CoffeeShopFinderUITests;
			productName = CoffeeShopFinderUITests;
			productReference = 94E0FFFA2BF5720C0037E953 /* CoffeeShopFinderUITests.xctest */;
			productType = "com.apple.product-type.bundle.ui-testing";
		};
/* End PBXNativeTarget section */

/* Begin PBXProject section */
		94E0FFD22BF5720A0037E953 /* Project object */ = {
			isa = PBXProject;
			attributes = {
				BuildIndependentTargetsInParallel = 1;
				LastSwiftUpdateCheck = 1530;
				LastUpgradeCheck = 1530;
				TargetAttributes = {
					94E0FFD92BF5720A0037E953 = {
						CreatedOnToolsVersion = 15.3;
					};
					94E0FFEF2BF5720C0037E953 = {
						CreatedOnToolsVersion = 15.3;
						TestTargetID = 94E0FFD92BF5720A0037E953;
					};
					94E0FFF92BF5720C0037E953 = {
						CreatedOnToolsVersion = 15.3;
						TestTargetID = 94E0FFD92BF5720A0037E953;
					};
				};
			};
			buildConfigurationList = 94E0FFD52BF5720A0037E953 /* Build configuration list for PBXProject "CoffeeShopFinder" */;
			compatibilityVersion = "Xcode 14.0";
			developmentRegion = en;
			hasScannedForEncodings = 0;
			knownRegions = (
				en,
				Base,
			);
			mainGroup = 94E0FFD12BF5720A0037E953;
			packageReferences = (
				94E000252BF5E1240037E953 /* XCRemoteSwiftPackageReference "RxSwift" */,
			);
			productRefGroup = 94E0FFDB2BF5720A0037E953 /* Products */;
			projectDirPath = "";
			projectRoot = "";
			targets = (
				94E0FFD92BF5720A0037E953 /* CoffeeShopFinder */,
				94E0FFEF2BF5720C0037E953 /* CoffeeShopFinderTests */,
				94E0FFF92BF5720C0037E953 /* CoffeeShopFinderUITests */,
			);
		};
/* End PBXProject section */

/* Begin PBXResourcesBuildPhase section */
		94E0FFD82BF5720A0037E953 /* Resources */ = {
			isa = PBXResourcesBuildPhase;
			buildActionMask = 2147483647;
			files = (
				94E0FFE72BF5720B0037E953 /* Assets.xcassets in Resources */,
				94E0FFEA2BF5720B0037E953 /* Base in Resources */,
			);
			runOnlyForDeploymentPostprocessing = 0;
		};
		94E0FFEE2BF5720C0037E953 /* Resources */ = {
			isa = PBXResourcesBuildPhase;
			buildActionMask = 2147483647;
			files = (
			);
			runOnlyForDeploymentPostprocessing = 0;
		};
		94E0FFF82BF5720C0037E953 /* Resources */ = {
			isa = PBXResourcesBuildPhase;
			buildActionMask = 2147483647;
			files = (
			);
			runOnlyForDeploymentPostprocessing = 0;
		};
/* End PBXResourcesBuildPhase section */

/* Begin PBXSourcesBuildPhase section */
		94E0FFD62BF5720A0037E953 /* Sources */ = {
			isa = PBXSourcesBuildPhase;
			buildActionMask = 2147483647;
			files = (
				9410B95F2BF75706004AFD59 /* CoffeeShopCell.swift in Sources */,
				94E0FFDE2BF5720A0037E953 /* AppDelegate.swift in Sources */,
				94E0001F2BF5D1F40037E953 /* BusinessListModel.swift in Sources */,
				94E000112BF5A7EF0037E953 /* NetworkManager.swift in Sources */,
				94E0FFE02BF5720A0037E953 /* SceneDelegate.swift in Sources */,
				94E000242BF5DD6C0037E953 /* CoffeeShopVM.swift in Sources */,
				94E000292BF5E51A0037E953 /* API.swift in Sources */,
				94E0001D2BF5B6910037E953 /* LocationModel.swift in Sources */,
				94E000162BF5B03F0037E953 /* SearchModel.swift in Sources */,
				94E0002F2BF5E7590037E953 /* IdentifiableProtocol.swift in Sources */,
				9410B9612BF784CF004AFD59 /* LoadingCell.swift in Sources */,
				94E0001B2BF5B5AB0037E953 /* BusinessModel.swift in Sources */,
				94E000192BF5B47F0037E953 /* YelpService.swift in Sources */,
				94E000222BF5DC3F0037E953 /* CoffeeShopVC.swift in Sources */,
				94E000132BF5AD010037E953 /* YelpAPI.swift in Sources */,
			);
			runOnlyForDeploymentPostprocessing = 0;
		};
		94E0FFEC2BF5720C0037E953 /* Sources */ = {
			isa = PBXSourcesBuildPhase;
			buildActionMask = 2147483647;
			files = (
				94E0FFF52BF5720C0037E953 /* CoffeeShopFinderTests.swift in Sources */,
			);
			runOnlyForDeploymentPostprocessing = 0;
		};
		94E0FFF62BF5720C0037E953 /* Sources */ = {
			isa = PBXSourcesBuildPhase;
			buildActionMask = 2147483647;
			files = (
				94E000012BF5720C0037E953 /* CoffeeShopFinderUITestsLaunchTests.swift in Sources */,
				94E0FFFF2BF5720C0037E953 /* CoffeeShopFinderUITests.swift in Sources */,
			);
			runOnlyForDeploymentPostprocessing = 0;
		};
/* End PBXSourcesBuildPhase section */

/* Begin PBXTargetDependency section */
		94E0FFF22BF5720C0037E953 /* PBXTargetDependency */ = {
			isa = PBXTargetDependency;
			target = 94E0FFD92BF5720A0037E953 /* CoffeeShopFinder */;
			targetProxy = 94E0FFF12BF5720C0037E953 /* PBXContainerItemProxy */;
		};
		94E0FFFC2BF5720C0037E953 /* PBXTargetDependency */ = {
			isa = PBXTargetDependency;
			target = 94E0FFD92BF5720A0037E953 /* CoffeeShopFinder */;
			targetProxy = 94E0FFFB2BF5720C0037E953 /* PBXContainerItemProxy */;
		};
/* End PBXTargetDependency section */

/* Begin PBXVariantGroup section */
		94E0FFE82BF5720B0037E953 /* LaunchScreen.storyboard */ = {
			isa = PBXVariantGroup;
			children = (
				94E0FFE92BF5720B0037E953 /* Base */,
			);
			name = LaunchScreen.storyboard;
			sourceTree = "<group>";
		};
/* End PBXVariantGroup section */

/* Begin XCBuildConfiguration section */
		94E000022BF5720C0037E953 /* Debug */ = {
			isa = XCBuildConfiguration;
			buildSettings = {
				ALWAYS_SEARCH_USER_PATHS = NO;
				ASSETCATALOG_COMPILER_GENERATE_SWIFT_ASSET_SYMBOL_EXTENSIONS = YES;
				CLANG_ANALYZER_NONNULL = YES;
				CLANG_ANALYZER_NUMBER_OBJECT_CONVERSION = YES_AGGRESSIVE;
				CLANG_CXX_LANGUAGE_STANDARD = "gnu++20";
				CLANG_ENABLE_MODULES = YES;
				CLANG_ENABLE_OBJC_ARC = YES;
				CLANG_ENABLE_OBJC_WEAK = YES;
				CLANG_WARN_BLOCK_CAPTURE_AUTORELEASING = YES;
				CLANG_WARN_BOOL_CONVERSION = YES;
				CLANG_WARN_COMMA = YES;
				CLANG_WARN_CONSTANT_CONVERSION = YES;
				CLANG_WARN_DEPRECATED_OBJC_IMPLEMENTATIONS = YES;
				CLANG_WARN_DIRECT_OBJC_ISA_USAGE = YES_ERROR;
				CLANG_WARN_DOCUMENTATION_COMMENTS = YES;
				CLANG_WARN_EMPTY_BODY = YES;
				CLANG_WARN_ENUM_CONVERSION = YES;
				CLANG_WARN_INFINITE_RECURSION = YES;
				CLANG_WARN_INT_CONVERSION = YES;
				CLANG_WARN_NON_LITERAL_NULL_CONVERSION = YES;
				CLANG_WARN_OBJC_IMPLICIT_RETAIN_SELF = YES;
				CLANG_WARN_OBJC_LITERAL_CONVERSION = YES;
				CLANG_WARN_OBJC_ROOT_CLASS = YES_ERROR;
				CLANG_WARN_QUOTED_INCLUDE_IN_FRAMEWORK_HEADER = YES;
				CLANG_WARN_RANGE_LOOP_ANALYSIS = YES;
				CLANG_WARN_STRICT_PROTOTYPES = YES;
				CLANG_WARN_SUSPICIOUS_MOVE = YES;
				CLANG_WARN_UNGUARDED_AVAILABILITY = YES_AGGRESSIVE;
				CLANG_WARN_UNREACHABLE_CODE = YES;
				CLANG_WARN__DUPLICATE_METHOD_MATCH = YES;
				COPY_PHASE_STRIP = NO;
				DEBUG_INFORMATION_FORMAT = dwarf;
				ENABLE_STRICT_OBJC_MSGSEND = YES;
				ENABLE_TESTABILITY = YES;
				ENABLE_USER_SCRIPT_SANDBOXING = YES;
				GCC_C_LANGUAGE_STANDARD = gnu17;
				GCC_DYNAMIC_NO_PIC = NO;
				GCC_NO_COMMON_BLOCKS = YES;
				GCC_OPTIMIZATION_LEVEL = 0;
				GCC_PREPROCESSOR_DEFINITIONS = (
					"DEBUG=1",
					"$(inherited)",
				);
				GCC_WARN_64_TO_32_BIT_CONVERSION = YES;
				GCC_WARN_ABOUT_RETURN_TYPE = YES_ERROR;
				GCC_WARN_UNDECLARED_SELECTOR = YES;
				GCC_WARN_UNINITIALIZED_AUTOS = YES_AGGRESSIVE;
				GCC_WARN_UNUSED_FUNCTION = YES;
				GCC_WARN_UNUSED_VARIABLE = YES;
				IPHONEOS_DEPLOYMENT_TARGET = 17.4;
				LOCALIZATION_PREFERS_STRING_CATALOGS = YES;
				MTL_ENABLE_DEBUG_INFO = INCLUDE_SOURCE;
				MTL_FAST_MATH = YES;
				ONLY_ACTIVE_ARCH = YES;
				SDKROOT = iphoneos;
				SWIFT_ACTIVE_COMPILATION_CONDITIONS = "DEBUG $(inherited)";
				SWIFT_OPTIMIZATION_LEVEL = "-Onone";
			};
			name = Debug;
		};
		94E000032BF5720C0037E953 /* Release */ = {
			isa = XCBuildConfiguration;
			buildSettings = {
				ALWAYS_SEARCH_USER_PATHS = NO;
				ASSETCATALOG_COMPILER_GENERATE_SWIFT_ASSET_SYMBOL_EXTENSIONS = YES;
				CLANG_ANALYZER_NONNULL = YES;
				CLANG_ANALYZER_NUMBER_OBJECT_CONVERSION = YES_AGGRESSIVE;
				CLANG_CXX_LANGUAGE_STANDARD = "gnu++20";
				CLANG_ENABLE_MODULES = YES;
				CLANG_ENABLE_OBJC_ARC = YES;
				CLANG_ENABLE_OBJC_WEAK = YES;
				CLANG_WARN_BLOCK_CAPTURE_AUTORELEASING = YES;
				CLANG_WARN_BOOL_CONVERSION = YES;
				CLANG_WARN_COMMA = YES;
				CLANG_WARN_CONSTANT_CONVERSION = YES;
				CLANG_WARN_DEPRECATED_OBJC_IMPLEMENTATIONS = YES;
				CLANG_WARN_DIRECT_OBJC_ISA_USAGE = YES_ERROR;
				CLANG_WARN_DOCUMENTATION_COMMENTS = YES;
				CLANG_WARN_EMPTY_BODY = YES;
				CLANG_WARN_ENUM_CONVERSION = YES;
				CLANG_WARN_INFINITE_RECURSION = YES;
				CLANG_WARN_INT_CONVERSION = YES;
				CLANG_WARN_NON_LITERAL_NULL_CONVERSION = YES;
				CLANG_WARN_OBJC_IMPLICIT_RETAIN_SELF = YES;
				CLANG_WARN_OBJC_LITERAL_CONVERSION = YES;
				CLANG_WARN_OBJC_ROOT_CLASS = YES_ERROR;
				CLANG_WARN_QUOTED_INCLUDE_IN_FRAMEWORK_HEADER = YES;
				CLANG_WARN_RANGE_LOOP_ANALYSIS = YES;
				CLANG_WARN_STRICT_PROTOTYPES = YES;
				CLANG_WARN_SUSPICIOUS_MOVE = YES;
				CLANG_WARN_UNGUARDED_AVAILABILITY = YES_AGGRESSIVE;
				CLANG_WARN_UNREACHABLE_CODE = YES;
				CLANG_WARN__DUPLICATE_METHOD_MATCH = YES;
				COPY_PHASE_STRIP = NO;
				DEBUG_INFORMATION_FORMAT = "dwarf-with-dsym";
				ENABLE_NS_ASSERTIONS = NO;
				ENABLE_STRICT_OBJC_MSGSEND = YES;
				ENABLE_USER_SCRIPT_SANDBOXING = YES;
				GCC_C_LANGUAGE_STANDARD = gnu17;
				GCC_NO_COMMON_BLOCKS = YES;
				GCC_WARN_64_TO_32_BIT_CONVERSION = YES;
				GCC_WARN_ABOUT_RETURN_TYPE = YES_ERROR;
				GCC_WARN_UNDECLARED_SELECTOR = YES;
				GCC_WARN_UNINITIALIZED_AUTOS = YES_AGGRESSIVE;
				GCC_WARN_UNUSED_FUNCTION = YES;
				GCC_WARN_UNUSED_VARIABLE = YES;
				IPHONEOS_DEPLOYMENT_TARGET = 17.4;
				LOCALIZATION_PREFERS_STRING_CATALOGS = YES;
				MTL_ENABLE_DEBUG_INFO = NO;
				MTL_FAST_MATH = YES;
				SDKROOT = iphoneos;
				SWIFT_COMPILATION_MODE = wholemodule;
				VALIDATE_PRODUCT = YES;
			};
			name = Release;
		};
		94E000052BF5720C0037E953 /* Debug */ = {
			isa = XCBuildConfiguration;
			buildSettings = {
				ASSETCATALOG_COMPILER_APPICON_NAME = AppIcon;
				ASSETCATALOG_COMPILER_GLOBAL_ACCENT_COLOR_NAME = AccentColor;
				CODE_SIGN_STYLE = Automatic;
				CURRENT_PROJECT_VERSION = 1;
				GENERATE_INFOPLIST_FILE = YES;
				INFOPLIST_FILE = CoffeeShopFinder/Info.plist;
				INFOPLIST_KEY_UIApplicationSupportsIndirectInputEvents = YES;
				INFOPLIST_KEY_UILaunchStoryboardName = LaunchScreen;
				INFOPLIST_KEY_UIMainStoryboardFile = "";
				INFOPLIST_KEY_UISupportedInterfaceOrientations_iPad = "UIInterfaceOrientationPortrait UIInterfaceOrientationPortraitUpsideDown UIInterfaceOrientationLandscapeLeft UIInterfaceOrientationLandscapeRight";
				INFOPLIST_KEY_UISupportedInterfaceOrientations_iPhone = "UIInterfaceOrientationPortrait UIInterfaceOrientationLandscapeLeft UIInterfaceOrientationLandscapeRight";
				LD_RUNPATH_SEARCH_PATHS = (
					"$(inherited)",
					"@executable_path/Frameworks",
				);
				MARKETING_VERSION = 1.0;
				PRODUCT_BUNDLE_IDENTIFIER = HridayamBaksi.CoffeeShopFinder;
				PRODUCT_NAME = "$(TARGET_NAME)";
				SWIFT_EMIT_LOC_STRINGS = YES;
				SWIFT_VERSION = 5.0;
				TARGETED_DEVICE_FAMILY = "1,2";
			};
			name = Debug;
		};
		94E000062BF5720C0037E953 /* Release */ = {
			isa = XCBuildConfiguration;
			buildSettings = {
				ASSETCATALOG_COMPILER_APPICON_NAME = AppIcon;
				ASSETCATALOG_COMPILER_GLOBAL_ACCENT_COLOR_NAME = AccentColor;
				CODE_SIGN_STYLE = Automatic;
				CURRENT_PROJECT_VERSION = 1;
				GENERATE_INFOPLIST_FILE = YES;
				INFOPLIST_FILE = CoffeeShopFinder/Info.plist;
				INFOPLIST_KEY_UIApplicationSupportsIndirectInputEvents = YES;
				INFOPLIST_KEY_UILaunchStoryboardName = LaunchScreen;
				INFOPLIST_KEY_UIMainStoryboardFile = "";
				INFOPLIST_KEY_UISupportedInterfaceOrientations_iPad = "UIInterfaceOrientationPortrait UIInterfaceOrientationPortraitUpsideDown UIInterfaceOrientationLandscapeLeft UIInterfaceOrientationLandscapeRight";
				INFOPLIST_KEY_UISupportedInterfaceOrientations_iPhone = "UIInterfaceOrientationPortrait UIInterfaceOrientationLandscapeLeft UIInterfaceOrientationLandscapeRight";
				LD_RUNPATH_SEARCH_PATHS = (
					"$(inherited)",
					"@executable_path/Frameworks",
				);
				MARKETING_VERSION = 1.0;
				PRODUCT_BUNDLE_IDENTIFIER = HridayamBaksi.CoffeeShopFinder;
				PRODUCT_NAME = "$(TARGET_NAME)";
				SWIFT_EMIT_LOC_STRINGS = YES;
				SWIFT_VERSION = 5.0;
				TARGETED_DEVICE_FAMILY = "1,2";
			};
			name = Release;
		};
		94E000082BF5720C0037E953 /* Debug */ = {
			isa = XCBuildConfiguration;
			buildSettings = {
				ALWAYS_EMBED_SWIFT_STANDARD_LIBRARIES = YES;
				BUNDLE_LOADER = "$(TEST_HOST)";
				CODE_SIGN_STYLE = Automatic;
				CURRENT_PROJECT_VERSION = 1;
				GENERATE_INFOPLIST_FILE = YES;
				IPHONEOS_DEPLOYMENT_TARGET = 17.4;
				MARKETING_VERSION = 1.0;
				PRODUCT_BUNDLE_IDENTIFIER = HridayamBaksi.CoffeeShopFinderTests;
				PRODUCT_NAME = "$(TARGET_NAME)";
				SWIFT_EMIT_LOC_STRINGS = NO;
				SWIFT_VERSION = 5.0;
				TARGETED_DEVICE_FAMILY = "1,2";
				TEST_HOST = "$(BUILT_PRODUCTS_DIR)/CoffeeShopFinder.app/$(BUNDLE_EXECUTABLE_FOLDER_PATH)/CoffeeShopFinder";
			};
			name = Debug;
		};
		94E000092BF5720C0037E953 /* Release */ = {
			isa = XCBuildConfiguration;
			buildSettings = {
				ALWAYS_EMBED_SWIFT_STANDARD_LIBRARIES = YES;
				BUNDLE_LOADER = "$(TEST_HOST)";
				CODE_SIGN_STYLE = Automatic;
				CURRENT_PROJECT_VERSION = 1;
				GENERATE_INFOPLIST_FILE = YES;
				IPHONEOS_DEPLOYMENT_TARGET = 17.4;
				MARKETING_VERSION = 1.0;
				PRODUCT_BUNDLE_IDENTIFIER = HridayamBaksi.CoffeeShopFinderTests;
				PRODUCT_NAME = "$(TARGET_NAME)";
				SWIFT_EMIT_LOC_STRINGS = NO;
				SWIFT_VERSION = 5.0;
				TARGETED_DEVICE_FAMILY = "1,2";
				TEST_HOST = "$(BUILT_PRODUCTS_DIR)/CoffeeShopFinder.app/$(BUNDLE_EXECUTABLE_FOLDER_PATH)/CoffeeShopFinder";
			};
			name = Release;
		};
		94E0000B2BF5720C0037E953 /* Debug */ = {
			isa = XCBuildConfiguration;
			buildSettings = {
				ALWAYS_EMBED_SWIFT_STANDARD_LIBRARIES = YES;
				CODE_SIGN_STYLE = Automatic;
				CURRENT_PROJECT_VERSION = 1;
				GENERATE_INFOPLIST_FILE = YES;
				MARKETING_VERSION = 1.0;
				PRODUCT_BUNDLE_IDENTIFIER = HridayamBaksi.CoffeeShopFinderUITests;
				PRODUCT_NAME = "$(TARGET_NAME)";
				SWIFT_EMIT_LOC_STRINGS = NO;
				SWIFT_VERSION = 5.0;
				TARGETED_DEVICE_FAMILY = "1,2";
				TEST_TARGET_NAME = CoffeeShopFinder;
			};
			name = Debug;
		};
		94E0000C2BF5720C0037E953 /* Release */ = {
			isa = XCBuildConfiguration;
			buildSettings = {
				ALWAYS_EMBED_SWIFT_STANDARD_LIBRARIES = YES;
				CODE_SIGN_STYLE = Automatic;
				CURRENT_PROJECT_VERSION = 1;
				GENERATE_INFOPLIST_FILE = YES;
				MARKETING_VERSION = 1.0;
				PRODUCT_BUNDLE_IDENTIFIER = HridayamBaksi.CoffeeShopFinderUITests;
				PRODUCT_NAME = "$(TARGET_NAME)";
				SWIFT_EMIT_LOC_STRINGS = NO;
				SWIFT_VERSION = 5.0;
				TARGETED_DEVICE_FAMILY = "1,2";
				TEST_TARGET_NAME = CoffeeShopFinder;
			};
			name = Release;
		};
/* End XCBuildConfiguration section */

/* Begin XCConfigurationList section */
		94E000042BF5720C0037E953 /* Build configuration list for PBXNativeTarget "CoffeeShopFinder" */ = {
			isa = XCConfigurationList;
			buildConfigurations = (
				94E000052BF5720C0037E953 /* Debug */,
				94E000062BF5720C0037E953 /* Release */,
			);
			defaultConfigurationIsVisible = 0;
			defaultConfigurationName = Release;
		};
		94E000072BF5720C0037E953 /* Build configuration list for PBXNativeTarget "CoffeeShopFinderTests" */ = {
			isa = XCConfigurationList;
			buildConfigurations = (
				94E000082BF5720C0037E953 /* Debug */,
				94E000092BF5720C0037E953 /* Release */,
			);
			defaultConfigurationIsVisible = 0;
			defaultConfigurationName = Release;
		};
		94E0000A2BF5720C0037E953 /* Build configuration list for PBXNativeTarget "CoffeeShopFinderUITests" */ = {
			isa = XCConfigurationList;
			buildConfigurations = (
				94E0000B2BF5720C0037E953 /* Debug */,
				94E0000C2BF5720C0037E953 /* Release */,
			);
			defaultConfigurationIsVisible = 0;
			defaultConfigurationName = Release;
		};
		94E0FFD52BF5720A0037E953 /* Build configuration list for PBXProject "CoffeeShopFinder" */ = {
			isa = XCConfigurationList;
			buildConfigurations = (
				94E000022BF5720C0037E953 /* Debug */,
				94E000032BF5720C0037E953 /* Release */,
			);
			defaultConfigurationIsVisible = 0;
			defaultConfigurationName = Release;
		};
/* End XCConfigurationList section */

/* Begin XCRemoteSwiftPackageReference section */
		94E000252BF5E1240037E953 /* XCRemoteSwiftPackageReference "RxSwift" */ = {
			isa = XCRemoteSwiftPackageReference;
			repositoryURL = "https://github.com/ReactiveX/RxSwift";
			requirement = {
				kind = exactVersion;
				version = 6.7.1;
			};
		};
/* End XCRemoteSwiftPackageReference section */

/* Begin XCSwiftPackageProductDependency section */
		94E000262BF5E1240037E953 /* RxSwift */ = {
			isa = XCSwiftPackageProductDependency;
			package = 94E000252BF5E1240037E953 /* XCRemoteSwiftPackageReference "RxSwift" */;
			productName = RxSwift;
		};
		94E0002B2BF5E58F0037E953 /* RxCocoa */ = {
			isa = XCSwiftPackageProductDependency;
			package = 94E000252BF5E1240037E953 /* XCRemoteSwiftPackageReference "RxSwift" */;
			productName = RxCocoa;
		};
/* End XCSwiftPackageProductDependency section */
	};
	rootObject = 94E0FFD22BF5720A0037E953 /* Project object */;
}
